
Microsoft Visual Studio Solution File, Format Version 12.00
Project("{FAE04EC0-301F-11D3-BF4B-00C04F79EFBC}") = "Application", "Application\Application.csproj", "{8F790DEC-293B-43CC-8F99-C36E6A0B3F56}"
EndProject
Project("{FAE04EC0-301F-11D3-BF4B-00C04F79EFBC}") = "Application.Tests", "Application.Tests\Application.Tests.csproj", "{6CE5ABFE-38BE-4F65-8BB5-7A2627E96A36}"
EndProject
Global
	GlobalSection(SolutionConfigurationPlatforms) = preSolution
		Debug|Any CPU = Debug|Any CPU
		Release|Any CPU = Release|Any CPU
	EndGlobalSection
	GlobalSection(ProjectConfigurationPlatforms) = postSolution
		{8F790DEC-293B-43CC-8F99-C36E6A0B3F56}.Debug|Any CPU.ActiveCfg = Debug|Any CPU
		{8F790DEC-293B-43CC-8F99-C36E6A0B3F56}.Debug|Any CPU.Build.0 = Debug|Any CPU
		{8F790DEC-293B-43CC-8F99-C36E6A0B3F56}.Release|Any CPU.ActiveCfg = Release|Any CPU
		{8F790DEC-293B-43CC-8F99-C36E6A0B3F56}.Release|Any CPU.Build.0 = Release|Any CPU
		{6CE5ABFE-38BE-4F65-8BB5-7A2627E96A36}.Debug|Any CPU.ActiveCfg = Debug|Any CPU
		{6CE5ABFE-38BE-4F65-8BB5-7A2627E96A36}.Debug|Any CPU.Build.0 = Debug|Any CPU
		{6CE5ABFE-38BE-4F65-8BB5-7A2627E96A36}.Release|Any CPU.ActiveCfg = Release|Any CPU
		{6CE5ABFE-38BE-4F65-8BB5-7A2627E96A36}.Release|Any CPU.Build.0 = Release|Any CPU
	EndGlobalSection
EndGlobal
